
Microsoft Visual Studio Solution File, Format Version 12.00
# Visual Studio Version 17
VisualStudioVersion = 17.8.34511.84
MinimumVisualStudioVersion = 10.0.40219.1
Project("{2150E333-8FDC-42A3-9474-1A3956D46DE8}") = "0_DTOs", "0_DTOs", "{E747576D-355D-4CBA-8418-9D913245DCEB}"
EndProject
Project("{2150E333-8FDC-42A3-9474-1A3956D46DE8}") = "1_DataAccess", "1_DataAccess", "{212AC791-3359-4FE2-8F40-44F481E2C9B7}"
EndProject
Project("{2150E333-8FDC-42A3-9474-1A3956D46DE8}") = "2_CoreApp", "2_CoreApp", "{360DEEA2-D65D-4126-9B84-8A75810650C2}"
EndProject
Project("{2150E333-8FDC-42A3-9474-1A3956D46DE8}") = "3_API", "3_API", "{688DB739-EF81-4B8B-B000-70749E950A56}"
EndProject
Project("{2150E333-8FDC-42A3-9474-1A3956D46DE8}") = "99_Testing", "99_Testing", "{95ABC85F-657F-4BFD-86B2-F3B4CCF5FC69}"
EndProject
Project("{9A19103F-16F7-4668-BE54-9A1E7A4F7556}") = "DTO", "DTO\DTO.csproj", "{79491E69-661E-40B4-83F0-0CA1CF49768A}"
EndProject
Project("{9A19103F-16F7-4668-BE54-9A1E7A4F7556}") = "DataAccess", "DataAccess\DataAccess.csproj", "{918D7059-07BE-40E3-B0C1-FB643843B37E}"
EndProject
Project("{9A19103F-16F7-4668-BE54-9A1E7A4F7556}") = "TestConsole", "TestConsole\TestConsole.csproj", "{66BE914B-3140-402C-A4BD-0612132A6C98}"
EndProject
Project("{9A19103F-16F7-4668-BE54-9A1E7A4F7556}") = "CoreApp", "CoreApp\CoreApp.csproj", "{1E2E20B7-73B2-4051-8F89-CC9334AC16C9}"
EndProject
Project("{9A19103F-16F7-4668-BE54-9A1E7A4F7556}") = "WebAPI", "WebAPI\WebAPI.csproj", "{E706A753-F33C-40F2-99C2-7B2B02D9DD01}"
EndProject
Project("{2150E333-8FDC-42A3-9474-1A3956D46DE8}") = "4_WebApp", "4_WebApp", "{6CF683B0-897E-4959-889E-E05F55ADE38C}"
EndProject
Project("{FAE04EC0-301F-11D3-BF4B-00C04F79EFBC}") = "WebApp", "WebApp\WebApp.csproj", "{5D577CD4-FAEE-4E87-A9DF-A65FE8704D1D}"
EndProject
Global
	GlobalSection(SolutionConfigurationPlatforms) = preSolution
		Debug|Any CPU = Debug|Any CPU
		Release|Any CPU = Release|Any CPU
	EndGlobalSection
	GlobalSection(ProjectConfigurationPlatforms) = postSolution
		{79491E69-661E-40B4-83F0-0CA1CF49768A}.Debug|Any CPU.ActiveCfg = Debug|Any CPU
		{79491E69-661E-40B4-83F0-0CA1CF49768A}.Debug|Any CPU.Build.0 = Debug|Any CPU
		{79491E69-661E-40B4-83F0-0CA1CF49768A}.Release|Any CPU.ActiveCfg = Release|Any CPU
		{79491E69-661E-40B4-83F0-0CA1CF49768A}.Release|Any CPU.Build.0 = Release|Any CPU
		{918D7059-07BE-40E3-B0C1-FB643843B37E}.Debug|Any CPU.ActiveCfg = Debug|Any CPU
		{918D7059-07BE-40E3-B0C1-FB643843B37E}.Debug|Any CPU.Build.0 = Debug|Any CPU
		{918D7059-07BE-40E3-B0C1-FB643843B37E}.Release|Any CPU.ActiveCfg = Release|Any CPU
		{918D7059-07BE-40E3-B0C1-FB643843B37E}.Release|Any CPU.Build.0 = Release|Any CPU
		{66BE914B-3140-402C-A4BD-0612132A6C98}.Debug|Any CPU.ActiveCfg = Debug|Any CPU
		{66BE914B-3140-402C-A4BD-0612132A6C98}.Debug|Any CPU.Build.0 = Debug|Any CPU
		{66BE914B-3140-402C-A4BD-0612132A6C98}.Release|Any CPU.ActiveCfg = Release|Any CPU
		{66BE914B-3140-402C-A4BD-0612132A6C98}.Release|Any CPU.Build.0 = Release|Any CPU
		{1E2E20B7-73B2-4051-8F89-CC9334AC16C9}.Debug|Any CPU.ActiveCfg = Debug|Any CPU
		{1E2E20B7-73B2-4051-8F89-CC9334AC16C9}.Debug|Any CPU.Build.0 = Debug|Any CPU
		{1E2E20B7-73B2-4051-8F89-CC9334AC16C9}.Release|Any CPU.ActiveCfg = Release|Any CPU
		{1E2E20B7-73B2-4051-8F89-CC9334AC16C9}.Release|Any CPU.Build.0 = Release|Any CPU
		{E706A753-F33C-40F2-99C2-7B2B02D9DD01}.Debug|Any CPU.ActiveCfg = Debug|Any CPU
		{E706A753-F33C-40F2-99C2-7B2B02D9DD01}.Debug|Any CPU.Build.0 = Debug|Any CPU
		{E706A753-F33C-40F2-99C2-7B2B02D9DD01}.Release|Any CPU.ActiveCfg = Release|Any CPU
		{E706A753-F33C-40F2-99C2-7B2B02D9DD01}.Release|Any CPU.Build.0 = Release|Any CPU
		{5D577CD4-FAEE-4E87-A9DF-A65FE8704D1D}.Debug|Any CPU.ActiveCfg = Debug|Any CPU
		{5D577CD4-FAEE-4E87-A9DF-A65FE8704D1D}.Debug|Any CPU.Build.0 = Debug|Any CPU
		{5D577CD4-FAEE-4E87-A9DF-A65FE8704D1D}.Release|Any CPU.ActiveCfg = Release|Any CPU
		{5D577CD4-FAEE-4E87-A9DF-A65FE8704D1D}.Release|Any CPU.Build.0 = Release|Any CPU
	EndGlobalSection
	GlobalSection(SolutionProperties) = preSolution
		HideSolutionNode = FALSE
	EndGlobalSection
	GlobalSection(NestedProjects) = preSolution
		{79491E69-661E-40B4-83F0-0CA1CF49768A} = {E747576D-355D-4CBA-8418-9D913245DCEB}
		{918D7059-07BE-40E3-B0C1-FB643843B37E} = {212AC791-3359-4FE2-8F40-44F481E2C9B7}
		{66BE914B-3140-402C-A4BD-0612132A6C98} = {95ABC85F-657F-4BFD-86B2-F3B4CCF5FC69}
		{1E2E20B7-73B2-4051-8F89-CC9334AC16C9} = {360DEEA2-D65D-4126-9B84-8A75810650C2}
		{E706A753-F33C-40F2-99C2-7B2B02D9DD01} = {688DB739-EF81-4B8B-B000-70749E950A56}
		{5D577CD4-FAEE-4E87-A9DF-A65FE8704D1D} = {6CF683B0-897E-4959-889E-E05F55ADE38C}
	EndGlobalSection
	GlobalSection(ExtensibilityGlobals) = postSolution
		SolutionGuid = {170399BA-D1C6-483D-9D25-CF3F30B97667}
	EndGlobalSection
EndGlobal
